
&lt;?xml version="1.0" encoding="utf-8"?&gt;
&lt;Project ToolsVersion="4.0" xmlns="http://schemas.microsoft.com/developer/msbuild/2003"&gt;
  &lt;ItemGroup&gt;
    &lt;Filter Include="源文件"&gt;
      &lt;UniqueIdentifier&gt;{4FC737F1-C7A5-4376-A066-2A32D752A2FF}&lt;/UniqueIdentifier&gt;
      &lt;Extensions&gt;cpp;c;cc;cxx;c++;cppm;ixx;def;odl;idl;hpj;bat;asm;asmx&lt;/Extensions&gt;
    &lt;/Filter&gt;
    &lt;Filter Include="头文件"&gt;
      &lt;UniqueIdentifier&gt;{93995380-89BD-4b04-88EB-625FBE52EBFB}&lt;/UniqueIdentifier&gt;
      &lt;Extensions&gt;h;hh;hpp;hxx;h++;hm;inl;inc;ipp;xsd&lt;/Extensions&gt;
    &lt;/Filter&gt;
    &lt;Filter Include="资源文件"&gt;
      &lt;UniqueIdentifier&gt;{67DA6AB6-F800-4c08-8B7A-83BB121AAD01}&lt;/UniqueIdentifier&gt;
      &lt;Extensions&gt;rc;ico;cur;bmp;dlg;rc2;rct;bin;rgs;gif;jpg;jpeg;jpe;resx;tiff;tif;png;wav;mfcribbon-ms&lt;/Extensions&gt;
    &lt;/Filter&gt;
  &lt;/ItemGroup&gt;
  &lt;ItemGroup&gt;
    &lt;Text Include="ReadMe.txt" /&gt;
  &lt;/ItemGroup&gt;
  &lt;ItemGroup&gt;
    &lt;ClInclude Include="AnimateIOCP.h"&gt;
      &lt;Filter&gt;头文件&lt;/Filter&gt;
    &lt;/ClInclude&gt;
    &lt;ClInclude Include="AnimateIOCPDlg.h"&gt;
      &lt;Filter&gt;头文件&lt;/Filter&gt;
    &lt;/ClInclude&gt;
    &lt;ClInclude Include="IOCPServer.h"&gt;
      &lt;Filter&gt;头文件&lt;/Filter&gt;
    &lt;/ClInclude&gt;
    &lt;ClInclude Include="resource.h"&gt;
      &lt;Filter&gt;头文件&lt;/Filter&gt;
    &lt;/ClInclude&gt;
    &lt;ClInclude Include="pch.h"&gt;
      &lt;Filter&gt;头文件&lt;/Filter&gt;
    &lt;/ClInclude&gt;
  &lt;/ItemGroup&gt;
  &lt;ItemGroup&gt;
    &lt;ClCompile Include="AnimateIOCP.cpp"&gt;
      &lt;Filter&gt;源文件&lt;/Filter&gt;
    &lt;/ClCompile&gt;
    &lt;ClCompile Include="AnimateIOCPDlg.cpp"&gt;
      &lt;Filter&gt;源文件&lt;/Filter&gt;
    &lt;/ClCompile&gt;
    &lt;ClCompile Include="IOCPServer.cpp"&gt;
      &lt;Filter&gt;源文件&lt;/Filter&gt;
    &lt;/ClCompile&gt;
    &lt;ClCompile Include="pch.cpp"&gt;
      &lt;Filter&gt;源文件&lt;/Filter&gt;
    &lt;/ClCompile&gt;
  &lt;/ItemGroup&gt;
  &lt;ItemGroup&gt;
    &lt;ResourceCompile Include="AnimateIOCP.rc"&gt;
      &lt;Filter&gt;资源文件&lt;/Filter&gt;
    &lt;/ResourceCompile&gt;
  &lt;/ItemGroup&gt;
  &lt;ItemGroup&gt;
    &lt;None Include="res\AnimateIOCP.rc2"&gt;
      &lt;Filter&gt;资源文件&lt;/Filter&gt;
    &lt;/None&gt;
  &lt;/ItemGroup&gt;
  &lt;ItemGroup&gt;
    &lt;Image Include="res\AnimateIOCP.ico"&gt;
      &lt;Filter&gt;资源文件&lt;/Filter&gt;
    &lt;/Image&gt;
  &lt;/ItemGroup&gt;
&lt;/Project&gt;
